
Microsoft Visual Studio Solution File, Format Version 12.00
# Visual Studio Version 16
VisualStudioVersion = 16.0.32428.217
MinimumVisualStudioVersion = 10.0.40219.1
Project("{9A19103F-16F7-4668-BE54-9A1E7A4F7556}") = "DapperLib", "DapperLib\DapperLib.csproj", "{72E9E2C7-740B-4B75-A42F-C5C4BC302361}"
EndProject
Project("{9A19103F-16F7-4668-BE54-9A1E7A4F7556}") = "UnitTests", "UnitTests\UnitTests.csproj", "{C6BACB3C-9EF3-4A08-8C76-11A6C56D1B83}"
EndProject
Global
	GlobalSection(SolutionConfigurationPlatforms) = preSolution
		Debug|Any CPU = Debug|Any CPU
		Release|Any CPU = Release|Any CPU
	EndGlobalSection
	GlobalSection(ProjectConfigurationPlatforms) = postSolution
		{72E9E2C7-740B-4B75-A42F-C5C4BC302361}.Debug|Any CPU.ActiveCfg = Debug|Any CPU
		{72E9E2C7-740B-4B75-A42F-C5C4BC302361}.Debug|Any CPU.Build.0 = Debug|Any CPU
		{72E9E2C7-740B-4B75-A42F-C5C4BC302361}.Release|Any CPU.ActiveCfg = Release|Any CPU
		{72E9E2C7-740B-4B75-A42F-C5C4BC302361}.Release|Any CPU.Build.0 = Release|Any CPU
		{C6BACB3C-9EF3-4A08-8C76-11A6C56D1B83}.Debug|Any CPU.ActiveCfg = Debug|Any CPU
		{C6BACB3C-9EF3-4A08-8C76-11A6C56D1B83}.Debug|Any CPU.Build.0 = Debug|Any CPU
		{C6BACB3C-9EF3-4A08-8C76-11A6C56D1B83}.Release|Any CPU.ActiveCfg = Release|Any CPU
		{C6BACB3C-9EF3-4A08-8C76-11A6C56D1B83}.Release|Any CPU.Build.0 = Release|Any CPU
	EndGlobalSection
	GlobalSection(SolutionProperties) = preSolution
		HideSolutionNode = FALSE
	EndGlobalSection
	GlobalSection(ExtensibilityGlobals) = postSolution
		SolutionGuid = {2F5EB7D6-FE95-402D-BBDF-F54DB57741FF}
	EndGlobalSection
EndGlobal
